{
  "version": "3",
  "remote": {
    "https://deno.land/std@0.104.0/fmt/colors.ts": "d2f8355f00a74404668fc5a1e4a92983ce1a9b0a6ac1d40efbd681cb8f519586",
    "https://deno.land/std@0.130.0/_util/assert.ts": "e94f2eb37cebd7f199952e242c77654e43333c1ac4c5c700e929ea3aa5489f74",
    "https://deno.land/std@0.130.0/encoding/base64.ts": "c8c16b4adaa60d7a8eee047c73ece26844435e8f7f1328d74593dbb2dd58ea4f",
    "https://deno.land/std@0.130.0/encoding/hex.ts": "7f023e1e51cfd6b189682e602e8640939e7be71a300a2fcf3daf8f84dc609bbc",
    "https://deno.land/std@0.130.0/flags/mod.ts": "430cf2d1c26e00286373b2647ebdca637f7558505e88e9c108a4742cd184c916",
    "https://deno.land/std@0.130.0/fmt/colors.ts": "30455035d6d728394781c10755351742dd731e3db6771b1843f9b9e490104d37",
    "https://deno.land/std@0.130.0/hash/_wasm/hash.ts": "c7535aea17d093b51204124e01a45d2924971b584b31893bf3628dafbd466852",
    "https://deno.land/std@0.130.0/hash/_wasm/wasm.js": "030357a5b58631dfe1ae8c54ef8b481f8abd7c5d06e59b402f090f6672c8ee8e",
    "https://deno.land/std@0.130.0/hash/hasher.ts": "42fa30957370d69d22800a901ee147a2539b2b8cf3a9000737a4b0fb2317bb8f",
    "https://deno.land/std@0.97.0/_util/assert.ts": "2f868145a042a11d5ad0a3c748dcf580add8a0dbc0e876eaa0026303a5488f58",
    "https://deno.land/std@0.97.0/_util/os.ts": "e282950a0eaa96760c0cf11e7463e66babd15ec9157d4c9ed49cc0925686f6a7",
    "https://deno.land/std@0.97.0/fs/exists.ts": "b0d2e31654819cc2a8d37df45d6b14686c0cc1d802e9ff09e902a63e98b85a00",
    "https://deno.land/std@0.97.0/path/_constants.ts": "1247fee4a79b70c89f23499691ef169b41b6ccf01887a0abd131009c5581b853",
    "https://deno.land/std@0.97.0/path/_interface.ts": "1fa73b02aaa24867e481a48492b44f2598cd9dfa513c7b34001437007d3642e4",
    "https://deno.land/std@0.97.0/path/_util.ts": "2e06a3b9e79beaf62687196bd4b60a4c391d862cfa007a20fc3a39f778ba073b",
    "https://deno.land/std@0.97.0/path/common.ts": "eaf03d08b569e8a87e674e4e265e099f237472b6fd135b3cbeae5827035ea14a",
    "https://deno.land/std@0.97.0/path/glob.ts": "314ad9ff263b895795208cdd4d5e35a44618ca3c6dd155e226fb15d065008652",
    "https://deno.land/std@0.97.0/path/mod.ts": "4465dc494f271b02569edbb4a18d727063b5dbd6ed84283ff906260970a15d12",
    "https://deno.land/std@0.97.0/path/posix.ts": "f56c3c99feb47f30a40ce9d252ef6f00296fa7c0fcb6dd81211bdb3b8b99ca3b",
    "https://deno.land/std@0.97.0/path/separator.ts": "8fdcf289b1b76fd726a508f57d3370ca029ae6976fcde5044007f062e643ff1c",
    "https://deno.land/std@0.97.0/path/win32.ts": "77f7b3604e0de40f3a7c698e8a79e7f601dc187035a1c21cb1e596666ce112f8",
    "https://deno.land/x/cliffy@v0.19.5/_utils/distance.ts": "02af166952c7c358ac83beae397aa2fbca4ad630aecfcd38d92edb1ea429f004",
    "https://deno.land/x/cliffy@v0.19.5/command/_errors.ts": "979a5d3f91b9da60a5871a14c4d7aa88ad4e3258da2df7b83bf40d00949ca944",
    "https://deno.land/x/cliffy@v0.19.5/command/_utils.ts": "fcfeab35dff87a135b452359c9ed330f9539d85913bd563195bc2eccdc9cd063",
    "https://deno.land/x/cliffy@v0.19.5/command/command.ts": "71b9f6bc21b744f386adf3725b9decba7ffab4f94f10e5b4c2c4fcc4a90e213c",
    "https://deno.land/x/cliffy@v0.19.5/command/completions/_bash_completions_generator.ts": "08f18bb5f701e0e8dc9f0a4ae955100d6e693586d6ef767c19debc884373d176",
    "https://deno.land/x/cliffy@v0.19.5/command/completions/_fish_completions_generator.ts": "a057f22fd392239170a92e908d54ccce7718f8995c05f18ce5a147672c3b0cc7",
    "https://deno.land/x/cliffy@v0.19.5/command/completions/_zsh_completions_generator.ts": "34f959c03eb6536c87bb29604bcd1c3e9dea04eff7f382594b7496af442f1ec6",
    "https://deno.land/x/cliffy@v0.19.5/command/completions/bash.ts": "c989ce1eb3f92f51974b530a3985689eeff1dccfc0d763c20c66f38f12acff92",
    "https://deno.land/x/cliffy@v0.19.5/command/completions/complete.ts": "c360de280a2d68415ec8d59e678fe8df4a19b910ebafc1a486728a42c340344d",
    "https://deno.land/x/cliffy@v0.19.5/command/completions/fish.ts": "937eacc416282f406f5d81e9911262daa88302bbc83caf29f9ea096eca527d64",
    "https://deno.land/x/cliffy@v0.19.5/command/completions/mod.ts": "96d199716fedcba3f47638ce569761e06ae10851cd0a872be3817ca135c84f58",
    "https://deno.land/x/cliffy@v0.19.5/command/completions/zsh.ts": "807774a6ecfa3b544a29ef6087ca02c3b9be554529ce45f4826b357b0c27afd6",
    "https://deno.land/x/cliffy@v0.19.5/command/deps.ts": "1232754425a4d4fd7c2d9a1ba0185b02101382f22017c197ad92454078a60133",
    "https://deno.land/x/cliffy@v0.19.5/command/help/_help_generator.ts": "9067abfdce8da878557116f6fbabe771eeeaab77cd1268ab2263bd2c1533c2e2",
    "https://deno.land/x/cliffy@v0.19.5/command/help/mod.ts": "fd4370261e62a9a201c52c12039870afaa501d849af9e04bba34b27a4cc5e2aa",
    "https://deno.land/x/cliffy@v0.19.5/command/mod.ts": "ab5a5d05ad3e723bcb8434003847ff06dafbd43c58a86f5f47b69d4f6a10c79e",
    "https://deno.land/x/cliffy@v0.19.5/command/type.ts": "d3d9b87de039f2322a4ac28a8a6ddc7c945513ed64ade387f9fe677d0fe247dd",
    "https://deno.land/x/cliffy@v0.19.5/command/types.ts": "627f2fb092842fc6ccda18d9616ba640a6557a578c40ba16bc4b90a92965fdeb",
    "https://deno.land/x/cliffy@v0.19.5/command/types/action_list.ts": "33c98d449617c7a563a535c9ceb3741bde9f6363353fd492f90a74570c611c27",
    "https://deno.land/x/cliffy@v0.19.5/command/types/boolean.ts": "bf0fbaacbd79398f4f4a832437a8ac49f34f12fe42b8b44dca68ad23cd7b02e8",
    "https://deno.land/x/cliffy@v0.19.5/command/types/child_command.ts": "f1fca390c7fbfa7a713ca15ef55c2c7656bcbb394d50e8ef54085bdf6dc22559",
    "https://deno.land/x/cliffy@v0.19.5/command/types/command.ts": "325d0382e383b725fd8d0ef34ebaeae082c5b76a1f6f2e843fee5dbb1a4fe3ac",
    "https://deno.land/x/cliffy@v0.19.5/command/types/enum.ts": "e54b362848416dd60f45824b50b01513db8e78bba1ede38d6344334c8f879b3f",
    "https://deno.land/x/cliffy@v0.19.5/command/types/integer.ts": "b49ef8c43fe59ccf67e792c72ff350520dab08c9bd552eff004e134f292daa06",
    "https://deno.land/x/cliffy@v0.19.5/command/types/number.ts": "32c3d1decf3b8d9dfa10b0027b07e9c6753c0059d1ccf2d1d768b879d05e0d3e",
    "https://deno.land/x/cliffy@v0.19.5/command/types/string.ts": "e415dd7bce1b4d0ac4417e370a41a8c7a476f78cb19bf4a757ba11da343f344c",
    "https://deno.land/x/cliffy@v0.19.5/flags/_errors.ts": "fa4a46b85051dd18683f6aba145b96e422d47a17744fc02db8f169915ca725c1",
    "https://deno.land/x/cliffy@v0.19.5/flags/_utils.ts": "fe103ea0e0300dfacdd8627667e0731222d354805413a8a781f3252e4bff8baa",
    "https://deno.land/x/cliffy@v0.19.5/flags/flags.ts": "db1691d4c0e14c8fee3c4e58c3a8c3d594bd3e50c6d69096a03c2677c477c49a",
    "https://deno.land/x/cliffy@v0.19.5/flags/types.ts": "c69d7227c825e9c2f4be5a9b804e4275dfc9ebf855925fd8d831fed51e51c41a",
    "https://deno.land/x/cliffy@v0.19.5/flags/types/boolean.ts": "3a80c2332c2f2f58427774cd0ed15b773be2c6bab6323ab4085ac7eaed9fe021",
    "https://deno.land/x/cliffy@v0.19.5/flags/types/integer.ts": "931b6c9f748a839ad304d60851159ebe3f26ccea50fb0907925a94e93772acaf",
    "https://deno.land/x/cliffy@v0.19.5/flags/types/number.ts": "ace1b124c644f4fac2a7bf781fafe3f8a32528b22ec939a3291424a313c8e301",
    "https://deno.land/x/cliffy@v0.19.5/flags/types/string.ts": "2764413b7f86962152fd0ac3edf5107b94cb6ae8a237243d65c3a2eb2073d624",
    "https://deno.land/x/cliffy@v0.19.5/flags/validate_flags.ts": "7724a6118a05e2b5b058451dc1be401615bbef5deb75d52f7e1b35b124bdb50c",
    "https://deno.land/x/cliffy@v0.19.5/table/border.ts": "2514abae4e4f51eda60a5f8c927ba24efd464a590027e900926b38f68e01253c",
    "https://deno.land/x/cliffy@v0.19.5/table/cell.ts": "1d787d8006ac8302020d18ec39f8d7f1113612c20801b973e3839de9c3f8b7b3",
    "https://deno.land/x/cliffy@v0.19.5/table/deps.ts": "2984c1bbafea073570f838a531952492b29c5091b2319489af408290c645c9ba",
    "https://deno.land/x/cliffy@v0.19.5/table/layout.ts": "b3055be2bc94dce0381094182121c026328ba9f173d6c1d0eb00a3dd7482b226",
    "https://deno.land/x/cliffy@v0.19.5/table/row.ts": "707c8f9c71f28e7ded22a053c13c0988a9598eec0a9e2a7aea7d15cad64d3cfe",
    "https://deno.land/x/cliffy@v0.19.5/table/table.ts": "3905c40d030626faab87a3e2e24982382c0d4c11eccae829a9e04db94d29e3e9",
    "https://deno.land/x/cliffy@v0.19.5/table/utils.ts": "4bf039fc9eb61558cc08397b50f123bba2cd7638257fc812a2aa510604da4440",
    "https://deno.land/x/ddapps@1.6.2/api.ts": "c0b534354cef36d94d85c528f9cbf80f8bb9d4094b03848e923f3cd53fd926ff",
    "https://deno.land/x/ddapps@1.6.2/cli/cli.ts": "6a4fff770b9c9cf4615902368210ebf10617e4f27f0a968e43794ffdce649229",
    "https://deno.land/x/ddapps@1.6.2/cli/init.ts": "de55e9a39717bf2204fb3dc2c2f4d092461ea6a094e8800f2069883ad62d61c6",
    "https://deno.land/x/ddapps@1.6.2/cli/templates/api.ddapps.ts": "c8339363c7d482ead1134a3ca19ea72e3366df364b0ff4da78a6f798174d0ef4",
    "https://deno.land/x/ddapps@1.6.2/cli/templates/app.ddapps.ts": "f61e8a8cc9ca6d4f11d0b8c72c35001184ca9636f6a4ad21de5b507068a75196",
    "https://deno.land/x/ddapps@1.6.2/cli/templates/cli.ddapps.ts": "2dc8ebc3c57c705857c5e866987f9c31512b9634fdc3718286a1e7481c8631e9",
    "https://deno.land/x/ddapps@1.6.2/cli/templates/client.ddapps.ts": "1a6a72d3b40905946e43ee538cd6615d2df4b985fcb13826de7cceeaca79db6a",
    "https://deno.land/x/ddapps@1.6.2/cli/templates/deno.json.ts": "c34be2e158893d3e970fd9be045015b2bc1684cf1aaeef0bbc646c4c1dd6bb9c",
    "https://deno.land/x/ddapps@1.6.2/cli/templates/gitignore.ts": "5e71b4e69cf9181ba4ce6e9f4605b75ce868c74e9e8c4dc8daa62f03c954f61c",
    "https://deno.land/x/ddapps@1.6.2/cli/templates/import_map.json.ts": "0c8493269672a91a0fea9bcd94031e63099006f77f68964ede4ecb9f2211ba6f",
    "https://deno.land/x/ddapps@1.6.2/cli/templates/interface.ddapps.ts": "33399c875bf177697270fd24b23a092faefddbbc181fd7efbacec66985d6114e",
    "https://deno.land/x/ddapps@1.6.2/cli/templates/messages.ddapps.ts": "adc6e2cdcffa1acf821fd0a08a2d57b7310d845a46ffa3e81cc6df1130858b08",
    "https://deno.land/x/ddapps@1.6.2/cli/templates/operations.ddapps.ts": "607d3901d67a5b48e4b7beafbdbc4428e81079919e5d271388f1da048e48cb7f",
    "https://deno.land/x/ddapps@1.6.2/cli/templates/peer.ddapps.ts": "88340adb239e9297a7a95c1a08953d83137e9a9bb311aa433f109ab7d2ec7839",
    "https://deno.land/x/ddapps@1.6.2/cli/templates/state.ddapps.ts": "2084c8616345b7a996047e3f0578b6e62bac28a4cbedab888b1699836f82a018",
    "https://deno.land/x/ddapps@1.6.2/cli/templates/type.ddapps.ts": "a1628ed63303c4a6214101c419e3f0137a631b757502b3c10b691ab66931930f",
    "https://deno.land/x/ddapps@1.6.2/client.ts": "bd99f5f81e6abbccb1df6d1d78202422d022d4ffb1bd15295b3f415250db78c3",
    "https://deno.land/x/ddapps@1.6.2/ddapps.ts": "5a2082aefbf969180186a155e95d38a4b1c0fdbb3b12584a3dc170463f9c2c91",
    "https://deno.land/x/ddapps@1.6.2/enumeration.ts": "b6d5e43cc6a2227c17a41e40f8358d3fd870ef60ef8053ca0806ac576d1cadd0",
    "https://deno.land/x/ddapps@1.6.2/interface.ts": "d58b30e4aef748fba4b130afa73e82999d7fd4fb78094ec51728a22a8a54e2a6",
    "https://deno.land/x/ddapps@1.6.2/logger.ts": "b1aa56178ee80f1dffbece791e700e15e1525e190b8fd959f5504c96a7df0b0a",
    "https://deno.land/x/ddapps@1.6.2/messages.ts": "31e726e083ec37d8f55417dacb831b03a23bf11483cd4c9bd248af4d76b8c831",
    "https://deno.land/x/ddapps@1.6.2/messenger.ts": "b8821ee277c50f0c426f7c614b71a06d58c388d6690902f0a477360f8918feca",
    "https://deno.land/x/ddapps@1.6.2/models/client.model.ts": "58421cc980e02784eec693d12565b45bab7423506ae89a35fac8eb05306c2d26",
    "https://deno.land/x/ddapps@1.6.2/models/clientset.model.ts": "7a7f48087480669081fb7807d22570029de8397ef60562fbb6a9f92c1dde431e",
    "https://deno.land/x/ddapps@1.6.2/models/message.model.ts": "2bfea99f6210c5cc2d34aca03e62364716c43be865416406ba6f519dcbe424b2",
    "https://deno.land/x/ddapps@1.6.2/models/remotepeer.model.ts": "27b4758c02a00ab7e5a98ebb64edbb401ada7210febe342a5fb00842387a86e2",
    "https://deno.land/x/ddapps@1.6.2/models/remotepeerset.model.ts": "9d649ac18ad619a8172b6f2630540cab96ca6473027c4fa1450b1e63900e26ba",
    "https://deno.land/x/ddapps@1.6.2/monitor.ts": "8fa69b50ff18d2d83652b0522a78a37d831a796fb4ff5f7078d68f230ad031f0",
    "https://deno.land/x/ddapps@1.6.2/net.ts": "07be1274aa87e34ed61df44d929d387536ae6a7a8e9b0fc2ceeab3d18e04efa8",
    "https://deno.land/x/ddapps@1.6.2/operation.ts": "e230eb42751e3e98092bee6854481aa165832d836b8110c1b00a7996a71583f8",
    "https://deno.land/x/ddapps@1.6.2/peer.ts": "c25aca2699716fea23650ae4de0bbb45acb1e4bdb09f75509c100ff0b2a23812",
    "https://deno.land/x/ddapps@1.6.2/state.ts": "e87717f68d0e32535d0ca0768d921c3f324c0009cc90bf354fad4fc662d11778",
    "https://deno.land/x/ddapps@1.6.2/type.ts": "beee32f22b8c755cc6ff0cee03cba13943e9698463f1b02bdeca9c39fd0e0ffa",
    "https://deno.land/x/eta@v1.12.3/compile-string.ts": "ecd6c10c1f826107758c1d7bbbb609cefeb98f0d6b1f6c7e1088d81febc07f9d",
    "https://deno.land/x/eta@v1.12.3/compile.ts": "f70e124ef6fc95a359b735dcf73dde5815b0f89611877f5c124f317e0dcff7bc",
    "https://deno.land/x/eta@v1.12.3/config.ts": "07f2e9f7e7aa135d7e8975b515624fb1831d3f242aa0d5b4b85032fc16dc48e5",
    "https://deno.land/x/eta@v1.12.3/containers.ts": "c584fb0daa77c11d31ccb74256adad116354411d030378a04e9745c358a3a453",
    "https://deno.land/x/eta@v1.12.3/err.ts": "7ca5fc2dc4bc222c755f155a9926e56404946fd084a1b0878b0a99d9327ea7dd",
    "https://deno.land/x/eta@v1.12.3/file-handlers.ts": "aa94b1f185fb9936960cb67faf8b819c754337cfaebc7cd1d24880f8f5386db2",
    "https://deno.land/x/eta@v1.12.3/file-helpers.ts": "4f031d275be10888ce0b7f99e3509e8cbef24bb4d5f1ebb1760659e41bb538f0",
    "https://deno.land/x/eta@v1.12.3/file-methods.ts": "c93afbbfa82c318db65c4d6b4e7f617efc6f04d7c2603cfd07ee2768b80ae1f5",
    "https://deno.land/x/eta@v1.12.3/file-utils.ts": "2a8dd25cc89d57b16df5142bf19350f056d2786ea664814c476e0c36e0f08171",
    "https://deno.land/x/eta@v1.12.3/mod.ts": "31219e28b55d1ff1777ef0e5513ea3588ebd5f220b512212334ec470030c2e39",
    "https://deno.land/x/eta@v1.12.3/parse.ts": "df29b6ae1fbdcba15295f8f07ed272b2c1f9927bc716f2863b18971d641f7506",
    "https://deno.land/x/eta@v1.12.3/polyfills.ts": "048f697fdf0ef002cc59cf7a69cf370e11877c3b7f9c0b68dd84ab4762e0ffdc",
    "https://deno.land/x/eta@v1.12.3/render.ts": "9173e99002a4169aeae45315bdd07cf4664c8dd9e39ce86d5c7daa989982f90c",
    "https://deno.land/x/eta@v1.12.3/storage.ts": "46f762d1c04d9095ed6fb694c0d993e9ae507a69bab469a5a3bd23a5a9a79983",
    "https://deno.land/x/eta@v1.12.3/utils.ts": "77ba806398590f4aff0ca1ea9485e769ba578eeb8776b4f2386067c9735b96c1",
    "https://deno.land/x/openai@v4.38.3/_shims/MultipartBody.ts": "fe06a56b54ae358c9cf99823096e34b36795fdba2e17513f0e9539210edd797d",
    "https://deno.land/x/openai@v4.38.3/_shims/mod.ts": "2e253cb26bfa7060bd37e45626e60e4bf3e7b3fb3e0f559fdfdeef94c73f9372",
    "https://deno.land/x/openai@v4.38.3/core.ts": "9dff3286285b5240ea17051ea82dff6040b90e40aa56653b483a02ed9c11766d",
    "https://deno.land/x/openai@v4.38.3/error.ts": "a8721373ee2bb58af749b537af4adf320f73b576b9f4263072e98c4a099578ad",
    "https://deno.land/x/openai@v4.38.3/lib/AbstractAssistantStreamRunner.ts": "2e7a0a6c3dc541d8eea15f0c2c6c394a4373458707103c210a4c7d1ddb04f5b7",
    "https://deno.land/x/openai@v4.38.3/lib/AbstractChatCompletionRunner.ts": "0b2442b11f59559f1e8d67b2083dd948a7e9d1b7163de968dd290255c19242ce",
    "https://deno.land/x/openai@v4.38.3/lib/AssistantStream.ts": "9950962817d18e4f4d4b3bc656ec5583f040efa3ab510f0bde564edb6f9c7d1c",
    "https://deno.land/x/openai@v4.38.3/lib/ChatCompletionRunner.ts": "0d1cc40d99cd64b7d573ab95f9cb75750f24f9829da91e12573122842985a2d0",
    "https://deno.land/x/openai@v4.38.3/lib/ChatCompletionStream.ts": "e5721b3a8c1edb8442c4ab11db947ae2437c6fc999fc2b53d3b1f4b3c27b3549",
    "https://deno.land/x/openai@v4.38.3/lib/ChatCompletionStreamingRunner.ts": "9bcaae3760dd5f9b54d5d4b2ba79b8731bb3dc79214c26e5d0bbdfe809747dd2",
    "https://deno.land/x/openai@v4.38.3/lib/RunnableFunction.ts": "f45a16776de983da6b65e5748eb2c581b6ea9d3849bda0026f24659cf0be2d2c",
    "https://deno.land/x/openai@v4.38.3/lib/Util.ts": "aa555aecdbba8b0ae2e8a982a6797cabc0942fa0d2e99ce629d243d9032941b8",
    "https://deno.land/x/openai@v4.38.3/lib/chatCompletionUtils.ts": "4991d3e698a54f8e4273eb0f1d73851f7ba549a0a32fabbcd739627677003cb9",
    "https://deno.land/x/openai@v4.38.3/lib/jsonschema.ts": "ed31a7861e19e505c43aa7612579b2739243ee8e8dd47ccb5f8908fa5ff3b5f0",
    "https://deno.land/x/openai@v4.38.3/mod.ts": "b888261b77de03a3729946739638d568ebcfc15994a66ccc09ddd5bf999f4b63",
    "https://deno.land/x/openai@v4.38.3/pagination.ts": "02a6737ca6c987cab6effa2788327d022b9e0edc95dd98db0be986383f484e22",
    "https://deno.land/x/openai@v4.38.3/resource.ts": "c496dbda8dc6324d25fcef3d7233310935259d6aa0baf4b0d95039e4913f6380",
    "https://deno.land/x/openai@v4.38.3/resources/audio/audio.ts": "baddf217421e2c09aa67d6977d9d98bc119edb7167ae6fd3e821778d8c702f19",
    "https://deno.land/x/openai@v4.38.3/resources/audio/speech.ts": "bc653097f1bb269c7344d8ef01251f6b8d2fa6df8fcc0856a80a46b901941cef",
    "https://deno.land/x/openai@v4.38.3/resources/audio/transcriptions.ts": "46398700125fe555415cff2bc70edb71b4969f6dda2e18af4916c6c21269120f",
    "https://deno.land/x/openai@v4.38.3/resources/audio/translations.ts": "ff91c4bd465448e1adc6206bc4824ff6b6869a82b2275976f874bcce61dca24c",
    "https://deno.land/x/openai@v4.38.3/resources/batches.ts": "01b9e083fd5b32bd2e9f2d88c8b35a4596941d836dbd703074ea7d9be325ee34",
    "https://deno.land/x/openai@v4.38.3/resources/beta/assistants.ts": "0ec8f99ec27c45d03c0a3ee23460c4bbb66c7c1adc0b2c5653fb60678d2cea5c",
    "https://deno.land/x/openai@v4.38.3/resources/beta/beta.ts": "2e4c2ad66515f2ec5a1e3a2ccb6f29425b5a06bf2b8a600efb3e4303e61e516a",
    "https://deno.land/x/openai@v4.38.3/resources/beta/chat/chat.ts": "80dc8786a4b895e9fb152495496f44ac669e95fbb9c2f5a3c0bd379f408b1e1c",
    "https://deno.land/x/openai@v4.38.3/resources/beta/chat/completions.ts": "5e15cb9095f34d2a51e6e79a83dc5a53dc32e9ab99e607ba59732271612ffd19",
    "https://deno.land/x/openai@v4.38.3/resources/beta/threads/messages.ts": "af0c9d14389990a0c954acd3a1973818544e73d7fb19f67ab6b06c4cd15e59ba",
    "https://deno.land/x/openai@v4.38.3/resources/beta/threads/runs/runs.ts": "53c770cbc18b1e7bdd072f7c7ab0a078bb217c6ffe28e1ab6a26a9823a0a7c9a",
    "https://deno.land/x/openai@v4.38.3/resources/beta/threads/runs/steps.ts": "5779f252e93f661bdcf391ec8ba41589fec252862b072f7517a0dc858c323595",
    "https://deno.land/x/openai@v4.38.3/resources/beta/threads/threads.ts": "5a591dd146d3acd5f18cabdc8e81e30bc0c425fd2d5a7cc553ea4168394649ff",
    "https://deno.land/x/openai@v4.38.3/resources/beta/vector-stores/file-batches.ts": "7907c4ff719d0befe5aa459b03294e7764475164c1c79bde9d6252c355b1ab16",
    "https://deno.land/x/openai@v4.38.3/resources/beta/vector-stores/files.ts": "2f37cfdbb4858a6b2568d49d0e8b19ce8c0b25ae1b491b66aa58c0f750cbe9d9",
    "https://deno.land/x/openai@v4.38.3/resources/beta/vector-stores/vector-stores.ts": "1c64a38774419ace90282b4a619b6ede18dabac10e78fda1f1e55b03509ef754",
    "https://deno.land/x/openai@v4.38.3/resources/chat/chat.ts": "0b5f60fb71c4b21ef254a35786d28b6c378b181a07d82a60a6d5f9ca4d1b296f",
    "https://deno.land/x/openai@v4.38.3/resources/chat/completions.ts": "d27effc272042b71d4f7e1fb0905cbaa3971ef18dcd80bf6a747a0def52295b3",
    "https://deno.land/x/openai@v4.38.3/resources/chat/mod.ts": "4028276f1a81b40507d6d781cb3a9305e5ccdd46608c4d9e39c029a0bcd46eca",
    "https://deno.land/x/openai@v4.38.3/resources/completions.ts": "0c763bbae83d817427baa30fbfb4026d16e7df67db5ded6ae5da1587979c64dd",
    "https://deno.land/x/openai@v4.38.3/resources/embeddings.ts": "4009ae23c3d376826a080553feed55e32e3be959ba4543b9377aaa2537ef78d4",
    "https://deno.land/x/openai@v4.38.3/resources/files.ts": "3330823ad474aa036834fb65b53cd2ff32193278a2409a7f36a661906dc01ed6",
    "https://deno.land/x/openai@v4.38.3/resources/fine-tuning/fine-tuning.ts": "5cb89d96fc6d914ae2d68257a4d08a1f12c140c12b7892a14393177ca9c4ca2b",
    "https://deno.land/x/openai@v4.38.3/resources/fine-tuning/jobs/checkpoints.ts": "0b225258a1e92a81c992721bf4259ec4eccd6225562cf576432e97ee838ccc67",
    "https://deno.land/x/openai@v4.38.3/resources/fine-tuning/jobs/jobs.ts": "62ef57c9ae5f47b58c4c510a911e37dda8813f5be7a65cf4a8890c03fc317724",
    "https://deno.land/x/openai@v4.38.3/resources/images.ts": "412919440b470e346df93bae418506f4da5202b38bd15b415140d105cb29b19d",
    "https://deno.land/x/openai@v4.38.3/resources/mod.ts": "8f81e21bf165952f01e2ac9a6a05d1e1c3e820611f61ee62148cb878b2f92131",
    "https://deno.land/x/openai@v4.38.3/resources/models.ts": "1ed29e3f7126c2574ba5567646a66495916d52dc754c3b3c435cd9329997ab2b",
    "https://deno.land/x/openai@v4.38.3/resources/moderations.ts": "fbda1ed24bcbed6627b611c58964b706e88aac848b5efbec0cc1c45320d53236",
    "https://deno.land/x/openai@v4.38.3/resources/shared.ts": "9bebeb0cc046505283141127639d83565cb36c981d7650ef00b832f497196298",
    "https://deno.land/x/openai@v4.38.3/streaming.ts": "04f85a25d5143758473521223e58003a59cc617fa57755e5a62ba96741cb50ef",
    "https://deno.land/x/openai@v4.38.3/uploads.ts": "33857c766326193dd038ca77382f3b361ef92038a938de312f3f95aa77531a46",
    "https://deno.land/x/openai@v4.38.3/version.ts": "84c9eaef7a3f0d0179dcbe68bf02cbf093f911a9e19524ec6af6855564b6dd6d"
  }
}
